
Microsoft Visual Studio Solution File, Format Version 12.00
# Visual Studio Version 17
VisualStudioVersion = 17.4.33205.214
MinimumVisualStudioVersion = 10.0.40219.1
Project("{FAE04EC0-301F-11D3-BF4B-00C04F79EFBC}") = "OrderParser", "OrderParser\OrderParser.csproj", "{04D2DE6F-E6CD-4BF2-AD3E-BAC18CA28E6B}"
EndProject
Global
	GlobalSection(SolutionConfigurationPlatforms) = preSolution
		Debug|Any CPU = Debug|Any CPU
		Release|Any CPU = Release|Any CPU
	EndGlobalSection
	GlobalSection(ProjectConfigurationPlatforms) = postSolution
		{04D2DE6F-E6CD-4BF2-AD3E-BAC18CA28E6B}.Debug|Any CPU.ActiveCfg = Debug|Any CPU
		{04D2DE6F-E6CD-4BF2-AD3E-BAC18CA28E6B}.Debug|Any CPU.Build.0 = Debug|Any CPU
		{04D2DE6F-E6CD-4BF2-AD3E-BAC18CA28E6B}.Release|Any CPU.ActiveCfg = Release|Any CPU
		{04D2DE6F-E6CD-4BF2-AD3E-BAC18CA28E6B}.Release|Any CPU.Build.0 = Release|Any CPU
	EndGlobalSection
	GlobalSection(SolutionProperties) = preSolution
		HideSolutionNode = FALSE
	EndGlobalSection
	GlobalSection(ExtensibilityGlobals) = postSolution
		SolutionGuid = {F39B909F-6B4B-48F0-937E-CCF5C9BA478B}
	EndGlobalSection
EndGlobal
