
Microsoft Visual Studio Solution File, Format Version 12.00
# Visual Studio Version 17
VisualStudioVersion = 17.4.33110.190
MinimumVisualStudioVersion = 10.0.40219.1
Project("{FAE04EC0-301F-11D3-BF4B-00C04F79EFBC}") = "MyStore", "MyStore\MyStore.csproj", "{7AFDA8AF-2F3D-455A-9C84-80F9C1FF1236}"
EndProject
Global
	GlobalSection(SolutionConfigurationPlatforms) = preSolution
		Debug|Any CPU = Debug|Any CPU
		Release|Any CPU = Release|Any CPU
	EndGlobalSection
	GlobalSection(ProjectConfigurationPlatforms) = postSolution
		{7AFDA8AF-2F3D-455A-9C84-80F9C1FF1236}.Debug|Any CPU.ActiveCfg = Debug|Any CPU
		{7AFDA8AF-2F3D-455A-9C84-80F9C1FF1236}.Debug|Any CPU.Build.0 = Debug|Any CPU
		{7AFDA8AF-2F3D-455A-9C84-80F9C1FF1236}.Release|Any CPU.ActiveCfg = Release|Any CPU
		{7AFDA8AF-2F3D-455A-9C84-80F9C1FF1236}.Release|Any CPU.Build.0 = Release|Any CPU
	EndGlobalSection
	GlobalSection(SolutionProperties) = preSolution
		HideSolutionNode = FALSE
	EndGlobalSection
	GlobalSection(ExtensibilityGlobals) = postSolution
		SolutionGuid = {2F162F0C-3B6A-40DE-BC5F-20283695683C}
	EndGlobalSection
EndGlobal
